
Microsoft Visual Studio Solution File, Format Version 12.00
# Visual Studio Version 16
VisualStudioVersion = 16.0.32602.291
MinimumVisualStudioVersion = 10.0.40219.1
Project("{FAE04EC0-301F-11D3-BF4B-00C04F79EFBC}") = "ApiPractice", "ApiPractice\ApiPractice.csproj", "{A79B483F-B470-4D98-998D-6F20E51CE7EB}"
EndProject
Global
	GlobalSection(SolutionConfigurationPlatforms) = preSolution
		Debug|Any CPU = Debug|Any CPU
		Release|Any CPU = Release|Any CPU
	EndGlobalSection
	GlobalSection(ProjectConfigurationPlatforms) = postSolution
		{A79B483F-B470-4D98-998D-6F20E51CE7EB}.Debug|Any CPU.ActiveCfg = Debug|Any CPU
		{A79B483F-B470-4D98-998D-6F20E51CE7EB}.Debug|Any CPU.Build.0 = Debug|Any CPU
		{A79B483F-B470-4D98-998D-6F20E51CE7EB}.Release|Any CPU.ActiveCfg = Release|Any CPU
		{A79B483F-B470-4D98-998D-6F20E51CE7EB}.Release|Any CPU.Build.0 = Release|Any CPU
	EndGlobalSection
	GlobalSection(SolutionProperties) = preSolution
		HideSolutionNode = FALSE
	EndGlobalSection
	GlobalSection(ExtensibilityGlobals) = postSolution
		SolutionGuid = {6311B790-37BD-4868-B5F2-60F720520584}
	EndGlobalSection
EndGlobal
